{
  "pins" : [
    {
      "identity" : "spoof-detection-fasnet-apple",
      "kind" : "remoteSourceControl",
      "location" : "https://github.com/AppliedRecognition/Spoof-Detection-Fasnet-Apple.git",
      "state" : {
        "revision" : "4dd14ccfea173b0810ec33ea5dd0ed0a5c316fc7",
        "version" : "1.0.1"
      }
    },
    {
      "identity" : "spoof-device-detection-ver-id-3-apple",
      "kind" : "remoteSourceControl",
      "location" : "https://github.com/AppliedRecognition/Spoof-Device-Detection-Ver-ID-3-Apple.git",
      "state" : {
        "revision" : "f4f6063ae0923a26666993127d7bf9e7e2719b25",
        "version" : "1.0.2"
      }
    },
    {
      "identity" : "ver-id-common-types-apple",
      "kind" : "remoteSourceControl",
      "location" : "https://github.com/AppliedRecognition/Ver-ID-Common-Types-Apple.git",
      "state" : {
        "revision" : "2ca2404344966ef1feb18b5b676beb51138a7792",
        "version" : "3.0.0"
      }
    }
  ],
  "version" : 2
}
